
Microsoft Visual Studio Solution File, Format Version 11.00
# Visual Studio 2010
# SharpDevelop 5.1
Project("{FAE04EC0-301F-11D3-BF4B-00C04F79EFBC}") = "IGE", "engine\IGE\IGE.csproj", "{8BA8E690-0C74-4314-9A50-306CBEE2DC98}"
EndProject
Project("{FAE04EC0-301F-11D3-BF4B-00C04F79EFBC}") = "IGE.Common", "engine\IGE.Common\IGE.Common.csproj", "{9FF16105-BE2B-44A2-91C0-D79F38AD8BA6}"
EndProject
Project("{FAE04EC0-301F-11D3-BF4B-00C04F79EFBC}") = "IGE.Platform.Win32.API", "engine\IGE.Platform.Win32.API\IGE.Platform.Win32.API.csproj", "{919027BD-6666-471A-93F0-5FF0E5873020}"
EndProject
Project("{FAE04EC0-301F-11D3-BF4B-00C04F79EFBC}") = "IGE.Input", "engine\IGE.Input\IGE.Input.csproj", "{AE427F75-5639-42CB-B614-6127370BD774}"
EndProject
Project("{FAE04EC0-301F-11D3-BF4B-00C04F79EFBC}") = "IGE.Platform.Win32.NativeInput", "engine\IGE.Platform.Win32.NativeInput\IGE.Platform.Win32.NativeInput.csproj", "{D56C756B-2E23-47EE-93B4-395F2E068B46}"
EndProject
Project("{FAE04EC0-301F-11D3-BF4B-00C04F79EFBC}") = "IGE.Net", "engine\IGE.Net\IGE.Net.csproj", "{22B06B4F-939A-494C-A709-1155D3DBBFDF}"
EndProject
Project("{FAE04EC0-301F-11D3-BF4B-00C04F79EFBC}") = "IGE.Video", "engine\IGE.Video\IGE.Video.csproj", "{7AD3FC03-0E22-41A6-98CC-874C36D33EA2}"
EndProject
Project("{FAE04EC0-301F-11D3-BF4B-00C04F79EFBC}") = "IGE.Universe", "engine\IGE.Universe\IGE.Universe.csproj", "{DFAE4F47-EFCC-4E32-BDF3-3FE55F2B7F0F}"
EndProject
Project("{FAE04EC0-301F-11D3-BF4B-00C04F79EFBC}") = "IGE.Scripting", "engine\IGE.Scripting\IGE.Scripting.csproj", "{AB0F002F-9185-4FE3-B7B0-8BF2E79FC9B3}"
EndProject
Project("{FAE04EC0-301F-11D3-BF4B-00C04F79EFBC}") = "IGE.Graphics", "engine\IGE.Graphics\IGE.Graphics.csproj", "{398C59DB-AD8B-4176-B7B1-90745103723F}"
EndProject
Project("{FAE04EC0-301F-11D3-BF4B-00C04F79EFBC}") = "IGE.Physics", "engine\IGE.Physics\IGE.Physics.csproj", "{B2774B95-7942-4ABC-A482-7F66FDBFC73E}"
EndProject
Project("{FAE04EC0-301F-11D3-BF4B-00C04F79EFBC}") = "IGE.Audio", "engine\IGE.Audio\IGE.Audio.csproj", "{1E9F1A5B-9A56-42D8-90F2-6FDB588D4A9D}"
EndProject
Project("{FAE04EC0-301F-11D3-BF4B-00C04F79EFBC}") = "IGE.Platform.Win32.NativeMultimedia", "engine\IGE.Platform.Win32.NativeMultimedia\IGE.Platform.Win32.NativeMultimedia.csproj", "{A70365B6-5162-4CD4-9658-6F73A2BABF65}"
EndProject
Project("{FAE04EC0-301F-11D3-BF4B-00C04F79EFBC}") = "IGE.Platform.Win32.OpenAL", "engine\IGE.Platform.Win32.OpenAL\IGE.Platform.Win32.OpenAL.csproj", "{C25D87A2-5A89-437A-9B71-684ECB96AF9E}"
EndProject
Project("{FAE04EC0-301F-11D3-BF4B-00C04F79EFBC}") = "IGE.Platform.Win32.OpenGL", "engine\IGE.Platform.Win32.OpenGL\IGE.Platform.Win32.OpenGL.csproj", "{D9EEF6C2-D93C-41B7-BB57-A4BE46352E88}"
EndProject
Project("{FAE04EC0-301F-11D3-BF4B-00C04F79EFBC}") = "IGE.Data", "engine\IGE.Data\IGE.Data.csproj", "{FAF9071E-04E9-4E02-B8CF-DAA0CB54B590}"
EndProject
Project("{FAE04EC0-301F-11D3-BF4B-00C04F79EFBC}") = "IGE.Logistics", "engine\IGE.Logistics\IGE.Logistics.csproj", "{E4A838E4-3046-4FCD-9D9E-1F5D9D716884}"
EndProject
Project("{FAE04EC0-301F-11D3-BF4B-00C04F79EFBC}") = "IGE.Platform.Unix.API", "engine\IGE.Platform.Unix.API\IGE.Platform.Unix.API.csproj", "{85207782-31C0-4CDC-BA05-4B96F1C7EEB9}"
EndProject
Global
	GlobalSection(SolutionConfigurationPlatforms) = preSolution
		Debug|Any CPU = Debug|Any CPU
		Release|Any CPU = Release|Any CPU
	EndGlobalSection
	GlobalSection(ProjectConfigurationPlatforms) = postSolution
		{8BA8E690-0C74-4314-9A50-306CBEE2DC98}.Debug|Any CPU.ActiveCfg = Debug|Any CPU
		{8BA8E690-0C74-4314-9A50-306CBEE2DC98}.Debug|Any CPU.Build.0 = Debug|Any CPU
		{8BA8E690-0C74-4314-9A50-306CBEE2DC98}.Release|Any CPU.ActiveCfg = Release|Any CPU
		{8BA8E690-0C74-4314-9A50-306CBEE2DC98}.Release|Any CPU.Build.0 = Release|Any CPU
		{9FF16105-BE2B-44A2-91C0-D79F38AD8BA6}.Debug|Any CPU.ActiveCfg = Debug|Any CPU
		{9FF16105-BE2B-44A2-91C0-D79F38AD8BA6}.Debug|Any CPU.Build.0 = Debug|Any CPU
		{9FF16105-BE2B-44A2-91C0-D79F38AD8BA6}.Release|Any CPU.ActiveCfg = Release|Any CPU
		{9FF16105-BE2B-44A2-91C0-D79F38AD8BA6}.Release|Any CPU.Build.0 = Release|Any CPU
		{919027BD-6666-471A-93F0-5FF0E5873020}.Debug|Any CPU.ActiveCfg = Debug|Any CPU
		{919027BD-6666-471A-93F0-5FF0E5873020}.Debug|Any CPU.Build.0 = Debug|Any CPU
		{919027BD-6666-471A-93F0-5FF0E5873020}.Release|Any CPU.ActiveCfg = Release|Any CPU
		{919027BD-6666-471A-93F0-5FF0E5873020}.Release|Any CPU.Build.0 = Release|Any CPU
		{AE427F75-5639-42CB-B614-6127370BD774}.Debug|Any CPU.ActiveCfg = Debug|Any CPU
		{AE427F75-5639-42CB-B614-6127370BD774}.Debug|Any CPU.Build.0 = Debug|Any CPU
		{AE427F75-5639-42CB-B614-6127370BD774}.Release|Any CPU.ActiveCfg = Release|Any CPU
		{AE427F75-5639-42CB-B614-6127370BD774}.Release|Any CPU.Build.0 = Release|Any CPU
		{D56C756B-2E23-47EE-93B4-395F2E068B46}.Debug|Any CPU.ActiveCfg = Debug|Any CPU
		{D56C756B-2E23-47EE-93B4-395F2E068B46}.Debug|Any CPU.Build.0 = Debug|Any CPU
		{D56C756B-2E23-47EE-93B4-395F2E068B46}.Release|Any CPU.ActiveCfg = Release|Any CPU
		{D56C756B-2E23-47EE-93B4-395F2E068B46}.Release|Any CPU.Build.0 = Release|Any CPU
		{22B06B4F-939A-494C-A709-1155D3DBBFDF}.Debug|Any CPU.ActiveCfg = Debug|Any CPU
		{22B06B4F-939A-494C-A709-1155D3DBBFDF}.Debug|Any CPU.Build.0 = Debug|Any CPU
		{22B06B4F-939A-494C-A709-1155D3DBBFDF}.Release|Any CPU.ActiveCfg = Release|Any CPU
		{22B06B4F-939A-494C-A709-1155D3DBBFDF}.Release|Any CPU.Build.0 = Release|Any CPU
		{7AD3FC03-0E22-41A6-98CC-874C36D33EA2}.Debug|Any CPU.ActiveCfg = Debug|Any CPU
		{7AD3FC03-0E22-41A6-98CC-874C36D33EA2}.Debug|Any CPU.Build.0 = Debug|Any CPU
		{7AD3FC03-0E22-41A6-98CC-874C36D33EA2}.Release|Any CPU.ActiveCfg = Release|Any CPU
		{7AD3FC03-0E22-41A6-98CC-874C36D33EA2}.Release|Any CPU.Build.0 = Release|Any CPU
		{DFAE4F47-EFCC-4E32-BDF3-3FE55F2B7F0F}.Debug|Any CPU.ActiveCfg = Debug|Any CPU
		{DFAE4F47-EFCC-4E32-BDF3-3FE55F2B7F0F}.Debug|Any CPU.Build.0 = Debug|Any CPU
		{DFAE4F47-EFCC-4E32-BDF3-3FE55F2B7F0F}.Release|Any CPU.ActiveCfg = Release|Any CPU
		{DFAE4F47-EFCC-4E32-BDF3-3FE55F2B7F0F}.Release|Any CPU.Build.0 = Release|Any CPU
		{AB0F002F-9185-4FE3-B7B0-8BF2E79FC9B3}.Debug|Any CPU.ActiveCfg = Debug|Any CPU
		{AB0F002F-9185-4FE3-B7B0-8BF2E79FC9B3}.Debug|Any CPU.Build.0 = Debug|Any CPU
		{AB0F002F-9185-4FE3-B7B0-8BF2E79FC9B3}.Release|Any CPU.ActiveCfg = Release|Any CPU
		{AB0F002F-9185-4FE3-B7B0-8BF2E79FC9B3}.Release|Any CPU.Build.0 = Release|Any CPU
		{398C59DB-AD8B-4176-B7B1-90745103723F}.Debug|Any CPU.ActiveCfg = Debug|Any CPU
		{398C59DB-AD8B-4176-B7B1-90745103723F}.Debug|Any CPU.Build.0 = Debug|Any CPU
		{398C59DB-AD8B-4176-B7B1-90745103723F}.Release|Any CPU.ActiveCfg = Release|Any CPU
		{398C59DB-AD8B-4176-B7B1-90745103723F}.Release|Any CPU.Build.0 = Release|Any CPU
		{B2774B95-7942-4ABC-A482-7F66FDBFC73E}.Debug|Any CPU.ActiveCfg = Debug|Any CPU
		{B2774B95-7942-4ABC-A482-7F66FDBFC73E}.Debug|Any CPU.Build.0 = Debug|Any CPU
		{B2774B95-7942-4ABC-A482-7F66FDBFC73E}.Release|Any CPU.ActiveCfg = Release|Any CPU
		{B2774B95-7942-4ABC-A482-7F66FDBFC73E}.Release|Any CPU.Build.0 = Release|Any CPU
		{1E9F1A5B-9A56-42D8-90F2-6FDB588D4A9D}.Debug|Any CPU.ActiveCfg = Debug|Any CPU
		{1E9F1A5B-9A56-42D8-90F2-6FDB588D4A9D}.Debug|Any CPU.Build.0 = Debug|Any CPU
		{1E9F1A5B-9A56-42D8-90F2-6FDB588D4A9D}.Release|Any CPU.ActiveCfg = Release|Any CPU
		{1E9F1A5B-9A56-42D8-90F2-6FDB588D4A9D}.Release|Any CPU.Build.0 = Release|Any CPU
		{A70365B6-5162-4CD4-9658-6F73A2BABF65}.Debug|Any CPU.ActiveCfg = Debug|Any CPU
		{A70365B6-5162-4CD4-9658-6F73A2BABF65}.Debug|Any CPU.Build.0 = Debug|Any CPU
		{A70365B6-5162-4CD4-9658-6F73A2BABF65}.Release|Any CPU.ActiveCfg = Release|Any CPU
		{A70365B6-5162-4CD4-9658-6F73A2BABF65}.Release|Any CPU.Build.0 = Release|Any CPU
		{C25D87A2-5A89-437A-9B71-684ECB96AF9E}.Debug|Any CPU.ActiveCfg = Debug|Any CPU
		{C25D87A2-5A89-437A-9B71-684ECB96AF9E}.Debug|Any CPU.Build.0 = Debug|Any CPU
		{C25D87A2-5A89-437A-9B71-684ECB96AF9E}.Release|Any CPU.ActiveCfg = Release|Any CPU
		{C25D87A2-5A89-437A-9B71-684ECB96AF9E}.Release|Any CPU.Build.0 = Release|Any CPU
		{D9EEF6C2-D93C-41B7-BB57-A4BE46352E88}.Debug|Any CPU.ActiveCfg = Debug|Any CPU
		{D9EEF6C2-D93C-41B7-BB57-A4BE46352E88}.Debug|Any CPU.Build.0 = Debug|Any CPU
		{D9EEF6C2-D93C-41B7-BB57-A4BE46352E88}.Release|Any CPU.ActiveCfg = Release|Any CPU
		{D9EEF6C2-D93C-41B7-BB57-A4BE46352E88}.Release|Any CPU.Build.0 = Release|Any CPU
		{FAF9071E-04E9-4E02-B8CF-DAA0CB54B590}.Debug|Any CPU.ActiveCfg = Debug|Any CPU
		{FAF9071E-04E9-4E02-B8CF-DAA0CB54B590}.Debug|Any CPU.Build.0 = Debug|Any CPU
		{FAF9071E-04E9-4E02-B8CF-DAA0CB54B590}.Release|Any CPU.ActiveCfg = Release|Any CPU
		{FAF9071E-04E9-4E02-B8CF-DAA0CB54B590}.Release|Any CPU.Build.0 = Release|Any CPU
		{E4A838E4-3046-4FCD-9D9E-1F5D9D716884}.Debug|Any CPU.ActiveCfg = Debug|Any CPU
		{E4A838E4-3046-4FCD-9D9E-1F5D9D716884}.Debug|Any CPU.Build.0 = Debug|Any CPU
		{E4A838E4-3046-4FCD-9D9E-1F5D9D716884}.Release|Any CPU.ActiveCfg = Release|Any CPU
		{E4A838E4-3046-4FCD-9D9E-1F5D9D716884}.Release|Any CPU.Build.0 = Release|Any CPU
		{85207782-31C0-4CDC-BA05-4B96F1C7EEB9}.Debug|Any CPU.ActiveCfg = Debug|Any CPU
		{85207782-31C0-4CDC-BA05-4B96F1C7EEB9}.Debug|Any CPU.Build.0 = Debug|Any CPU
		{85207782-31C0-4CDC-BA05-4B96F1C7EEB9}.Release|Any CPU.ActiveCfg = Release|Any CPU
		{85207782-31C0-4CDC-BA05-4B96F1C7EEB9}.Release|Any CPU.Build.0 = Release|Any CPU
	EndGlobalSection
EndGlobal
